
Microsoft Visual Studio Solution File, Format Version 12.00
# Visual Studio 15
VisualStudioVersion = 15.0.26430.15
MinimumVisualStudioVersion = 10.0.40219.1
Project("{FAE04EC0-301F-11D3-BF4B-00C04F79EFBC}") = "BasicInjector", "BasicInjector\BasicInjector.csproj", "{CD89F595-1778-4706-8C9F-4FED25EC44D0}"
EndProject
Global
	GlobalSection(SolutionConfigurationPlatforms) = preSolution
		Debug|Any CPU = Debug|Any CPU
		Release|Any CPU = Release|Any CPU
	EndGlobalSection
	GlobalSection(ProjectConfigurationPlatforms) = postSolution
		{CD89F595-1778-4706-8C9F-4FED25EC44D0}.Debug|Any CPU.ActiveCfg = Debug|Any CPU
		{CD89F595-1778-4706-8C9F-4FED25EC44D0}.Debug|Any CPU.Build.0 = Debug|Any CPU
		{CD89F595-1778-4706-8C9F-4FED25EC44D0}.Release|Any CPU.ActiveCfg = Release|Any CPU
		{CD89F595-1778-4706-8C9F-4FED25EC44D0}.Release|Any CPU.Build.0 = Release|Any CPU
	EndGlobalSection
	GlobalSection(SolutionProperties) = preSolution
		HideSolutionNode = FALSE
	EndGlobalSection
EndGlobal
